{
    "_readme": [
        "This file locks the dependencies of your project to a known state",
        "Read more about it at http://getcomposer.org/doc/01-basic-usage.md#composer-lock-the-lock-file",
        "This file is @generated automatically"
    ],
    "hash": "d162c862a7402752ecda6a6cb9fc96fb",
    "packages": [
        {
            "name": "grom/tube-link",
            "version": "dev-master",
            "source": {
                "type": "git",
                "url": "https://github.com/GromNaN/TubeLink.git",
                "reference": "a1d9bdd0c92b043d297b95e8069a5b30ceaded9a"
            },
            "dist": {
                "type": "zip",
                "url": "https://api.github.com/repos/GromNaN/TubeLink/zipball/a1d9bdd0c92b043d297b95e8069a5b30ceaded9a",
                "reference": "a1d9bdd0c92b043d297b95e8069a5b30ceaded9a",
                "shasum": ""
            },
            "require": {
                "php": ">=5.3.0"
            },
            "type": "library",
            "extra": {
                "branch-alias": {
                    "dev-master": "1.1-dev"
                }
            },
            "autoload": {
                "psr-0": {
                    "TubeLink": "src/"
                }
            },
            "notification-url": "https://packagist.org/downloads/",
            "license": [
                "MIT"
            ],
            "authors": [
                {
                    "name": "Jérôme TAMARELLE",
                    "email": "jerome@tamarelle.net"
                }
            ],
            "description": "Extract video/music information from any URL and render HTML",
            "keywords": [
                "dailymotion",
                "parser",
                "spotify",
                "url",
                "video",
                "vimeo",
                "youtube"
            ],
            "time": "2014-09-08 14:34:13"
        },
        {
            "name": "vasiliy-pdk/YiiBooster",
            "version": "dev-master",
            "source": {
                "type": "git",
                "url": "https://github.com/vasiliy-pdk/YiiBooster.git",
                "reference": "109f46e91c9b7598be8858abdd99aac1f5b8f59d"
            },
            "dist": {
                "type": "zip",
                "url": "https://api.github.com/repos/vasiliy-pdk/YiiBooster/zipball/109f46e91c9b7598be8858abdd99aac1f5b8f59d",
                "reference": "109f46e91c9b7598be8858abdd99aac1f5b8f59d",
                "shasum": ""
            },
            "type": "yii-extension",
            "description": "YiiBooster is a widget toolkit for Yii web framework. Its main purpose is to ease building UI in Yii-based web applications utilizing the beauty of Twitter Bootstrap and several other great UI plugins developed over time by the community.",
            "homepage": "http://yii-booster.clevertech.biz/",
            "keywords": [
                "YiiBooster",
                "bootstrap",
                "yii"
            ],
            "support": {
                "source": "https://github.com/vasiliy-pdk/YiiBooster/tree/master"
            },
            "time": "2013-07-01 15:45:54"
        },
        {
            "name": "vasiliy-pdk/YiiStateMachine",
            "version": "dev-master",
            "source": {
                "type": "git",
                "url": "https://github.com/vasiliy-pdk/YiiStateMachine.git",
                "reference": "a530ae3b8562a86d590365bbdcb02441d5fc88dc"
            },
            "dist": {
                "type": "zip",
                "url": "https://api.github.com/repos/vasiliy-pdk/YiiStateMachine/zipball/a530ae3b8562a86d590365bbdcb02441d5fc88dc",
                "reference": "a530ae3b8562a86d590365bbdcb02441d5fc88dc",
                "shasum": ""
            },
            "type": "yii-extension",
            "description": "State machine behavior for Yii framework.",
            "keywords": [
                "FSM",
                "finite-state machine",
                "state machine",
                "yii"
            ],
            "support": {
                "source": "https://github.com/vasiliy-pdk/YiiStateMachine/tree/master"
            },
            "time": "2014-04-19 09:48:07"
        },
        {
            "name": "yiisoft/yii",
            "version": "1.1.13",
            "source": {
                "type": "git",
                "url": "https://github.com/yiisoft/yii.git",
                "reference": "e9e4a0d5be901d8bd48e516a2d9afe33d6fd05a6"
            },
            "dist": {
                "type": "zip",
                "url": "https://github.com/yiisoft/yii/archive/e9e4a0d5be901d8bd48e516a2d9afe33d6fd05a6.zip",
                "reference": null,
                "shasum": null
            },
            "type": "library",
            "description": "Yii PHP Framework",
            "homepage": "https://github.com/yiisoft/yii"
        }
    ],
    "packages-dev": [],
    "aliases": [],
    "minimum-stability": "stable",
    "stability-flags": {
        "vasiliy-pdk/yiibooster": 20,
        "vasiliy-pdk/yiistatemachine": 20,
        "grom/tube-link": 20
    },
    "prefer-stable": false,
    "platform": [],
    "platform-dev": []
}
